// !$*UTF8*$!
{
	archiveVersion = 1;
	classes = {
	};
	objectVersion = 48;
	objects = {

/* Begin PBXBuildFile section */
		0A2AE5761FEF0113000D0C1E /* BasicSubview.xib in Resources */ = {isa = PBXBuildFile; fileRef = 0A2AE5751FEF0113000D0C1E /* BasicSubview.xib */; };
		0A2AE5781FEF013B000D0C1E /* BasicSubview.swift in Sources */ = {isa = PBXBuildFile; fileRef = 0A2AE5771FEF013B000D0C1E /* BasicSubview.swift */; };
		0A2AE57B1FEF0D41000D0C1E /* InvBasicVC.swift in Sources */ = {isa = PBXBuildFile; fileRef = 0A2AE57A1FEF0D41000D0C1E /* InvBasicVC.swift */; };
		0A2AE57D1FEF0D5D000D0C1E /* InvCostVC.swift in Sources */ = {isa = PBXBuildFile; fileRef = 0A2AE57C1FEF0D5D000D0C1E /* InvCostVC.swift */; };
		0A2AE57F1FEF0F2A000D0C1E /* InvPageVC.swift in Sources */ = {isa = PBXBuildFile; fileRef = 0A2AE57E1FEF0F2A000D0C1E /* InvPageVC.swift */; };
		0A61DA531FF7A72100452352 /* QRScannerController.swift in Sources */ = {isa = PBXBuildFile; fileRef = 0A61DA521FF7A72100452352 /* QRScannerController.swift */; };
		0A6CD2A51FEE765A00505C2F /* InvListTVC.swift in Sources */ = {isa = PBXBuildFile; fileRef = 0A6CD2A31FEE765A00505C2F /* InvListTVC.swift */; };
		0A6CD2A61FEE765A00505C2F /* InvListTVC.xib in Resources */ = {isa = PBXBuildFile; fileRef = 0A6CD2A41FEE765A00505C2F /* InvListTVC.xib */; };
		0A6CD2A81FEE854400505C2F /* HomeTableExt.swift in Sources */ = {isa = PBXBuildFile; fileRef = 0A6CD2A71FEE854400505C2F /* HomeTableExt.swift */; };
		0A6CD2A91FEE88FC00505C2F /* InvListTVC.xib in Sources */ = {isa = PBXBuildFile; fileRef = 0A6CD2A41FEE765A00505C2F /* InvListTVC.xib */; };
		0A6CD2AB1FEEC9F600505C2F /* HomeFuncExt.swift in Sources */ = {isa = PBXBuildFile; fileRef = 0A6CD2AA1FEEC9F600505C2F /* HomeFuncExt.swift */; };
		0A6CD2AE1FEED2B600505C2F /* InventoryVC.swift in Sources */ = {isa = PBXBuildFile; fileRef = 0A6CD2AD1FEED2B600505C2F /* InventoryVC.swift */; };
		0A6CD2B41FEEE94E00505C2F /* IconCVC.swift in Sources */ = {isa = PBXBuildFile; fileRef = 0A6CD2B21FEEE94E00505C2F /* IconCVC.swift */; };
		0A6CD2B51FEEE94E00505C2F /* IconCVC.xib in Resources */ = {isa = PBXBuildFile; fileRef = 0A6CD2B31FEEE94E00505C2F /* IconCVC.xib */; };
		0A6CD2B61FEEE9A000505C2F /* IconCVC.xib in Sources */ = {isa = PBXBuildFile; fileRef = 0A6CD2B31FEEE94E00505C2F /* IconCVC.xib */; };
		0A6CD2BA1FEEEE8100505C2F /* StyleHelper2.swift in Sources */ = {isa = PBXBuildFile; fileRef = 0A6CD2B91FEEEE8100505C2F /* StyleHelper2.swift */; };
		0A6CD2BD1FEEF3E400505C2F /* invItems.plist in Resources */ = {isa = PBXBuildFile; fileRef = 0A6CD2AF1FEEDFC000505C2F /* invItems.plist */; };
		0A7345411FEDBC0C00FF4F1C /* ExtensionHelper.swift in Sources */ = {isa = PBXBuildFile; fileRef = 0A7345401FEDBC0C00FF4F1C /* ExtensionHelper.swift */; };
		0A7345431FEDC1D700FF4F1C /* StyleHelper.swift in Sources */ = {isa = PBXBuildFile; fileRef = 0A7345421FEDC1D700FF4F1C /* StyleHelper.swift */; };
		0A7345451FEE44A400FF4F1C /* CoreGraphics.framework in Frameworks */ = {isa = PBXBuildFile; fileRef = 0A7345441FEE44A400FF4F1C /* CoreGraphics.framework */; };
		0A73454A1FEE44B900FF4F1C /* Foundation.framework in Frameworks */ = {isa = PBXBuildFile; fileRef = 0A7345471FEE44B900FF4F1C /* Foundation.framework */; };
		0A73454D1FEE44D100FF4F1C /* UIKit.framework in Frameworks */ = {isa = PBXBuildFile; fileRef = 0A73454C1FEE44D100FF4F1C /* UIKit.framework */; };
		0A83A9F61FEE51F500CB72F5 /* BaseVC.swift in Sources */ = {isa = PBXBuildFile; fileRef = 0A83A9F51FEE51F500CB72F5 /* BaseVC.swift */; };
		0A83A9FE1FEE54B800CB72F5 /* DashboardVC.swift in Sources */ = {isa = PBXBuildFile; fileRef = 0A83A9FD1FEE54B800CB72F5 /* DashboardVC.swift */; };
		0A83AA001FEE580E00CB72F5 /* HomeTableVC.swift in Sources */ = {isa = PBXBuildFile; fileRef = 0A83A9FF1FEE580E00CB72F5 /* HomeTableVC.swift */; };
		0A83AA021FEE585500CB72F5 /* NotificationVC.swift in Sources */ = {isa = PBXBuildFile; fileRef = 0A83AA011FEE585500CB72F5 /* NotificationVC.swift */; };
		0A83AA041FEE58CA00CB72F5 /* SettingsVC.swift in Sources */ = {isa = PBXBuildFile; fileRef = 0A83AA031FEE58CA00CB72F5 /* SettingsVC.swift */; };
		0A9E93581FF5792000CCDEB1 /* EnableEditOverlay.swift in Sources */ = {isa = PBXBuildFile; fileRef = 0A9E93571FF5792000CCDEB1 /* EnableEditOverlay.swift */; };
		0A9E935A1FF57A2600CCDEB1 /* EnableEditOverlay.xib in Resources */ = {isa = PBXBuildFile; fileRef = 0A9E93591FF57A2600CCDEB1 /* EnableEditOverlay.xib */; };
		0A9ECB6B1FEF902B00E1F0BF /* InvOptionsVC.swift in Sources */ = {isa = PBXBuildFile; fileRef = 0A9ECB6A1FEF902B00E1F0BF /* InvOptionsVC.swift */; };
		0A9ECB6D1FEF908C00E1F0BF /* InvValuationVC.swift in Sources */ = {isa = PBXBuildFile; fileRef = 0A9ECB6C1FEF908C00E1F0BF /* InvValuationVC.swift */; };
		0A9ECB6F1FEF910C00E1F0BF /* InvConditionVC.swift in Sources */ = {isa = PBXBuildFile; fileRef = 0A9ECB6E1FEF910C00E1F0BF /* InvConditionVC.swift */; };
		0A9ECB711FEF914400E1F0BF /* InvRepairVC.swift in Sources */ = {isa = PBXBuildFile; fileRef = 0A9ECB701FEF914400E1F0BF /* InvRepairVC.swift */; };
		0A9ECB731FEF927C00E1F0BF /* InvTitlesVC.swift in Sources */ = {isa = PBXBuildFile; fileRef = 0A9ECB721FEF927C00E1F0BF /* InvTitlesVC.swift */; };
		0A9ECB751FEF92F400E1F0BF /* InvPicturesVC.swift in Sources */ = {isa = PBXBuildFile; fileRef = 0A9ECB741FEF92F400E1F0BF /* InvPicturesVC.swift */; };
		0A9ECB771FEF932700E1F0BF /* InvFilesVC.swift in Sources */ = {isa = PBXBuildFile; fileRef = 0A9ECB761FEF932700E1F0BF /* InvFilesVC.swift */; };
		0AB16C261FED8C48000124F5 /* AppDelegate.swift in Sources */ = {isa = PBXBuildFile; fileRef = 0AB16C251FED8C48000124F5 /* AppDelegate.swift */; };
		0AB16C281FED8C48000124F5 /* ViewController.swift in Sources */ = {isa = PBXBuildFile; fileRef = 0AB16C271FED8C48000124F5 /* ViewController.swift */; };
		0AB16C2B1FED8C48000124F5 /* Main.storyboard in Resources */ = {isa = PBXBuildFile; fileRef = 0AB16C291FED8C48000124F5 /* Main.storyboard */; };
		0AB16C2D1FED8C48000124F5 /* Assets.xcassets in Resources */ = {isa = PBXBuildFile; fileRef = 0AB16C2C1FED8C48000124F5 /* Assets.xcassets */; };
		0AB16C301FED8C48000124F5 /* LaunchScreen.storyboard in Resources */ = {isa = PBXBuildFile; fileRef = 0AB16C2E1FED8C48000124F5 /* LaunchScreen.storyboard */; };
		0AB16C451FED9737000124F5 /* SplashVC.swift in Sources */ = {isa = PBXBuildFile; fileRef = 0AB16C441FED9737000124F5 /* SplashVC.swift */; };
		0AB16C471FED97A1000124F5 /* LoginVC.swift in Sources */ = {isa = PBXBuildFile; fileRef = 0AB16C461FED97A1000124F5 /* LoginVC.swift */; };
		0AB16C4B1FED9919000124F5 /* PageRedirectHelper.swift in Sources */ = {isa = PBXBuildFile; fileRef = 0AB16C4A1FED9919000124F5 /* PageRedirectHelper.swift */; };
		0AB16C4D1FED9FE3000124F5 /* ValidationHelper.swift in Sources */ = {isa = PBXBuildFile; fileRef = 0AB16C4C1FED9FE3000124F5 /* ValidationHelper.swift */; };
		0AB16C4F1FEDA023000124F5 /* UtilityHelper.swift in Sources */ = {isa = PBXBuildFile; fileRef = 0AB16C4E1FEDA023000124F5 /* UtilityHelper.swift */; };
		0AB16C521FEDA358000124F5 /* InventoryApi.swift in Sources */ = {isa = PBXBuildFile; fileRef = 0AB16C511FEDA358000124F5 /* InventoryApi.swift */; };
		0AB16C541FEDA438000124F5 /* NetworkHelper.swift in Sources */ = {isa = PBXBuildFile; fileRef = 0AB16C531FEDA438000124F5 /* NetworkHelper.swift */; };
		0AB16C571FEDA50A000124F5 /* Constants.swift in Sources */ = {isa = PBXBuildFile; fileRef = 0AB16C561FEDA50A000124F5 /* Constants.swift */; };
		0AB16C5A1FEDA78F000124F5 /* UserModel.swift in Sources */ = {isa = PBXBuildFile; fileRef = 0AB16C591FEDA78F000124F5 /* UserModel.swift */; };
		0AB16C5C1FEDA8B8000124F5 /* AppModel.swift in Sources */ = {isa = PBXBuildFile; fileRef = 0AB16C5B1FEDA8B8000124F5 /* AppModel.swift */; };
		0AC3B48D1FF028C000AE54C0 /* RowSelectionVC.swift in Sources */ = {isa = PBXBuildFile; fileRef = 0AC3B48C1FF028C000AE54C0 /* RowSelectionVC.swift */; };
		0AC3B48F1FF1927000AE54C0 /* InventoryVCCV.swift in Sources */ = {isa = PBXBuildFile; fileRef = 0AC3B48E1FF1927000AE54C0 /* InventoryVCCV.swift */; };
		0AC3B4911FF192C800AE54C0 /* InventoryVCinit.swift in Sources */ = {isa = PBXBuildFile; fileRef = 0AC3B4901FF192C800AE54C0 /* InventoryVCinit.swift */; };
		0AC3B4931FF193E000AE54C0 /* InventoryVCViews.swift in Sources */ = {isa = PBXBuildFile; fileRef = 0AC3B4921FF193E000AE54C0 /* InventoryVCViews.swift */; };
		0AFF6BDE2006BCBE00F2F32A /* invOptionsChecklist.plist in Resources */ = {isa = PBXBuildFile; fileRef = 0AFF6BDD2006BCBD00F2F32A /* invOptionsChecklist.plist */; };
		0AFF6BED2008080200F2F32A /* SidemenuVC.swift in Sources */ = {isa = PBXBuildFile; fileRef = 0AFF6BEC2008080200F2F32A /* SidemenuVC.swift */; };
		0AFF6BF12008098A00F2F32A /* SidemenuParentTVC.swift in Sources */ = {isa = PBXBuildFile; fileRef = 0AFF6BEF2008098A00F2F32A /* SidemenuParentTVC.swift */; };
		0AFF6BF22008098A00F2F32A /* SidemenuParentTVC.xib in Resources */ = {isa = PBXBuildFile; fileRef = 0AFF6BF02008098A00F2F32A /* SidemenuParentTVC.xib */; };
		0AFF6BF420080A0B00F2F32A /* MenuItems.plist in Resources */ = {isa = PBXBuildFile; fileRef = 0AFF6BF320080A0A00F2F32A /* MenuItems.plist */; };
		1675D57BC1F6489DD95FF858 /* Pods_cinventory.framework in Frameworks */ = {isa = PBXBuildFile; fileRef = 7504EAFB96A4FA922E841177 /* Pods_cinventory.framework */; };
		5AA9B47520060F0B0072B052 /* CustomCells.swift in Sources */ = {isa = PBXBuildFile; fileRef = 5AA9B47420060F0B0072B052 /* CustomCells.swift */; };
		5AA9B47820060FD60072B052 /* FloatLabelTextField.swift in Sources */ = {isa = PBXBuildFile; fileRef = 5AA9B47720060FD60072B052 /* FloatLabelTextField.swift */; };
/* End PBXBuildFile section */

/* Begin PBXFileReference section */
		0A2AE5751FEF0113000D0C1E /* BasicSubview.xib */ = {isa = PBXFileReference; lastKnownFileType = file.xib; path = BasicSubview.xib; sourceTree = "<group>"; };
		0A2AE5771FEF013B000D0C1E /* BasicSubview.swift */ = {isa = PBXFileReference; lastKnownFileType = sourcecode.swift; path = BasicSubview.swift; sourceTree = "<group>"; };
		0A2AE57A1FEF0D41000D0C1E /* InvBasicVC.swift */ = {isa = PBXFileReference; lastKnownFileType = sourcecode.swift; path = InvBasicVC.swift; sourceTree = "<group>"; };
		0A2AE57C1FEF0D5D000D0C1E /* InvCostVC.swift */ = {isa = PBXFileReference; lastKnownFileType = sourcecode.swift; path = InvCostVC.swift; sourceTree = "<group>"; };
		0A2AE57E1FEF0F2A000D0C1E /* InvPageVC.swift */ = {isa = PBXFileReference; lastKnownFileType = sourcecode.swift; path = InvPageVC.swift; sourceTree = "<group>"; };
		0A61DA521FF7A72100452352 /* QRScannerController.swift */ = {isa = PBXFileReference; lastKnownFileType = sourcecode.swift; path = QRScannerController.swift; sourceTree = "<group>"; };
		0A6CD2A31FEE765A00505C2F /* InvListTVC.swift */ = {isa = PBXFileReference; lastKnownFileType = sourcecode.swift; path = InvListTVC.swift; sourceTree = "<group>"; };
		0A6CD2A41FEE765A00505C2F /* InvListTVC.xib */ = {isa = PBXFileReference; lastKnownFileType = file.xib; path = InvListTVC.xib; sourceTree = "<group>"; };
		0A6CD2A71FEE854400505C2F /* HomeTableExt.swift */ = {isa = PBXFileReference; lastKnownFileType = sourcecode.swift; path = HomeTableExt.swift; sourceTree = "<group>"; };
		0A6CD2AA1FEEC9F600505C2F /* HomeFuncExt.swift */ = {isa = PBXFileReference; lastKnownFileType = sourcecode.swift; path = HomeFuncExt.swift; sourceTree = "<group>"; };
		0A6CD2AD1FEED2B600505C2F /* InventoryVC.swift */ = {isa = PBXFileReference; lastKnownFileType = sourcecode.swift; path = InventoryVC.swift; sourceTree = "<group>"; };
		0A6CD2AF1FEEDFC000505C2F /* invItems.plist */ = {isa = PBXFileReference; lastKnownFileType = text.plist.xml; path = invItems.plist; sourceTree = "<group>"; };
		0A6CD2B21FEEE94E00505C2F /* IconCVC.swift */ = {isa = PBXFileReference; lastKnownFileType = sourcecode.swift; path = IconCVC.swift; sourceTree = "<group>"; };
		0A6CD2B31FEEE94E00505C2F /* IconCVC.xib */ = {isa = PBXFileReference; lastKnownFileType = file.xib; path = IconCVC.xib; sourceTree = "<group>"; };
		0A6CD2B91FEEEE8100505C2F /* StyleHelper2.swift */ = {isa = PBXFileReference; lastKnownFileType = sourcecode.swift; path = StyleHelper2.swift; sourceTree = "<group>"; };
		0A7345401FEDBC0C00FF4F1C /* ExtensionHelper.swift */ = {isa = PBXFileReference; lastKnownFileType = sourcecode.swift; path = ExtensionHelper.swift; sourceTree = "<group>"; };
		0A7345421FEDC1D700FF4F1C /* StyleHelper.swift */ = {isa = PBXFileReference; lastKnownFileType = sourcecode.swift; path = StyleHelper.swift; sourceTree = "<group>"; };
		0A7345441FEE44A400FF4F1C /* CoreGraphics.framework */ = {isa = PBXFileReference; lastKnownFileType = wrapper.framework; name = CoreGraphics.framework; path = System/Library/Frameworks/CoreGraphics.framework; sourceTree = SDKROOT; };
		0A7345461FEE44B900FF4F1C /* CoreFoundation.framework */ = {isa = PBXFileReference; lastKnownFileType = wrapper.framework; name = CoreFoundation.framework; path = System/Library/Frameworks/CoreFoundation.framework; sourceTree = SDKROOT; };
		0A7345471FEE44B900FF4F1C /* Foundation.framework */ = {isa = PBXFileReference; lastKnownFileType = wrapper.framework; name = Foundation.framework; path = System/Library/Frameworks/Foundation.framework; sourceTree = SDKROOT; };
		0A7345481FEE44B900FF4F1C /* AVFoundation.framework */ = {isa = PBXFileReference; lastKnownFileType = wrapper.framework; name = AVFoundation.framework; path = System/Library/Frameworks/AVFoundation.framework; sourceTree = SDKROOT; };
		0A73454C1FEE44D100FF4F1C /* UIKit.framework */ = {isa = PBXFileReference; lastKnownFileType = wrapper.framework; name = UIKit.framework; path = System/Library/Frameworks/UIKit.framework; sourceTree = SDKROOT; };
		0A83A9F51FEE51F500CB72F5 /* BaseVC.swift */ = {isa = PBXFileReference; lastKnownFileType = sourcecode.swift; path = BaseVC.swift; sourceTree = "<group>"; };
		0A83A9FD1FEE54B800CB72F5 /* DashboardVC.swift */ = {isa = PBXFileReference; lastKnownFileType = sourcecode.swift; path = DashboardVC.swift; sourceTree = "<group>"; };
		0A83A9FF1FEE580E00CB72F5 /* HomeTableVC.swift */ = {isa = PBXFileReference; lastKnownFileType = sourcecode.swift; path = HomeTableVC.swift; sourceTree = "<group>"; };
		0A83AA011FEE585500CB72F5 /* NotificationVC.swift */ = {isa = PBXFileReference; lastKnownFileType = sourcecode.swift; path = NotificationVC.swift; sourceTree = "<group>"; };
		0A83AA031FEE58CA00CB72F5 /* SettingsVC.swift */ = {isa = PBXFileReference; lastKnownFileType = sourcecode.swift; path = SettingsVC.swift; sourceTree = "<group>"; };
		0A9E930C1FF433DB00CCDEB1 /* AppDelegate.swift */ = {isa = PBXFileReference; lastKnownFileType = sourcecode.swift; path = AppDelegate.swift; sourceTree = "<group>"; };
		0A9E930D1FF433DB00CCDEB1 /* Assets.xcassets */ = {isa = PBXFileReference; lastKnownFileType = folder.assetcatalog; path = Assets.xcassets; sourceTree = "<group>"; };
		0A9E930F1FF433DB00CCDEB1 /* Base */ = {isa = PBXFileReference; lastKnownFileType = file.xib; name = Base; path = Base.lproj/EurekaSectionHeader.xib; sourceTree = "<group>"; };
		0A9E93111FF433DB00CCDEB1 /* Base */ = {isa = PBXFileReference; lastKnownFileType = file.storyboard; name = Base; path = Base.lproj/LaunchScreen.storyboard; sourceTree = "<group>"; };
		0A9E93131FF433DB00CCDEB1 /* Base */ = {isa = PBXFileReference; lastKnownFileType = file.storyboard; name = Base; path = Base.lproj/Main.storyboard; sourceTree = "<group>"; };
		0A9E93151FF433DB00CCDEB1 /* Base */ = {isa = PBXFileReference; lastKnownFileType = file.xib; name = Base; path = Base.lproj/WeekDaysCell.xib; sourceTree = "<group>"; };
		0A9E93161FF433DB00CCDEB1 /* CustomCells.swift */ = {isa = PBXFileReference; lastKnownFileType = sourcecode.swift; path = CustomCells.swift; sourceTree = "<group>"; };
		0A9E93181FF433DB00CCDEB1 /* DatePickerCell.xib */ = {isa = PBXFileReference; lastKnownFileType = file.xib; path = DatePickerCell.xib; sourceTree = "<group>"; };
		0A9E93191FF433DB00CCDEB1 /* SwitchCell.xib */ = {isa = PBXFileReference; lastKnownFileType = file.xib; path = SwitchCell.xib; sourceTree = "<group>"; };
		0A9E931A1FF433DB00CCDEB1 /* TextCell.xib */ = {isa = PBXFileReference; lastKnownFileType = file.xib; path = TextCell.xib; sourceTree = "<group>"; };
		0A9E931D1FF433DB00CCDEB1 /* ImagePickerController.swift */ = {isa = PBXFileReference; lastKnownFileType = sourcecode.swift; path = ImagePickerController.swift; sourceTree = "<group>"; };
		0A9E931E1FF433DB00CCDEB1 /* ImageRow.swift */ = {isa = PBXFileReference; lastKnownFileType = sourcecode.swift; path = ImageRow.swift; sourceTree = "<group>"; };
		0A9E93201FF433DB00CCDEB1 /* FloatLabelTextField.swift */ = {isa = PBXFileReference; lastKnownFileType = sourcecode.swift; path = FloatLabelTextField.swift; sourceTree = "<group>"; };
		0A9E93211FF433DB00CCDEB1 /* Info.plist */ = {isa = PBXFileReference; lastKnownFileType = text.plist.xml; path = Info.plist; sourceTree = "<group>"; };
		0A9E93221FF433DB00CCDEB1 /* ViewController.swift */ = {isa = PBXFileReference; lastKnownFileType = sourcecode.swift; path = ViewController.swift; sourceTree = "<group>"; };
		0A9E93241FF433DB00CCDEB1 /* CatalogFieldRows.jpg */ = {isa = PBXFileReference; lastKnownFileType = image.jpeg; path = CatalogFieldRows.jpg; sourceTree = "<group>"; };
		0A9E93251FF433DB00CCDEB1 /* EurekaAlertRow.gif */ = {isa = PBXFileReference; lastKnownFileType = image.gif; path = EurekaAlertRow.gif; sourceTree = "<group>"; };
		0A9E93261FF433DB00CCDEB1 /* EurekaCustomCellDisabled.gif */ = {isa = PBXFileReference; lastKnownFileType = image.gif; path = EurekaCustomCellDisabled.gif; sourceTree = "<group>"; };
		0A9E93271FF433DB00CCDEB1 /* EurekaCustomCells.gif */ = {isa = PBXFileReference; lastKnownFileType = image.gif; path = EurekaCustomCells.gif; sourceTree = "<group>"; };
		0A9E93281FF433DB00CCDEB1 /* EurekaCustomRow.gif */ = {isa = PBXFileReference; lastKnownFileType = image.gif; path = EurekaCustomRow.gif; sourceTree = "<group>"; };
		0A9E93291FF433DB00CCDEB1 /* EurekaExample1.gif */ = {isa = PBXFileReference; lastKnownFileType = image.gif; path = EurekaExample1.gif; sourceTree = "<group>"; };
		0A9E932A1FF433DB00CCDEB1 /* EurekaExample2.gif */ = {isa = PBXFileReference; lastKnownFileType = image.gif; path = EurekaExample2.gif; sourceTree = "<group>"; };
		0A9E932B1FF433DB00CCDEB1 /* EurekaExample3.gif */ = {isa = PBXFileReference; lastKnownFileType = image.gif; path = EurekaExample3.gif; sourceTree = "<group>"; };
		0A9E932C1FF433DB00CCDEB1 /* EurekaHidden.gif */ = {isa = PBXFileReference; lastKnownFileType = image.gif; path = EurekaHidden.gif; sourceTree = "<group>"; };
		0A9E932D1FF433DB00CCDEB1 /* EurekaHowTo.gif */ = {isa = PBXFileReference; lastKnownFileType = image.gif; path = EurekaHowTo.gif; sourceTree = "<group>"; };
		0A9E932E1FF433DB00CCDEB1 /* EurekaLocationRow.gif */ = {isa = PBXFileReference; lastKnownFileType = image.gif; path = EurekaLocationRow.gif; sourceTree = "<group>"; };
		0A9E932F1FF433DB00CCDEB1 /* EurekaMultivalued.gif */ = {isa = PBXFileReference; lastKnownFileType = image.gif; path = EurekaMultivalued.gif; sourceTree = "<group>"; };
		0A9E93301FF433DB00CCDEB1 /* EurekaNavigation.gif */ = {isa = PBXFileReference; lastKnownFileType = image.gif; path = EurekaNavigation.gif; sourceTree = "<group>"; };
		0A9E93311FF433DB00CCDEB1 /* EurekaOnChange.gif */ = {isa = PBXFileReference; lastKnownFileType = image.gif; path = EurekaOnChange.gif; sourceTree = "<group>"; };
		0A9E93321FF433DB00CCDEB1 /* EurekaRows.gif */ = {isa = PBXFileReference; lastKnownFileType = image.gif; path = EurekaRows.gif; sourceTree = "<group>"; };
		0A9E93331FF433DB00CCDEB1 /* EurekaSegmentedRow.gif */ = {isa = PBXFileReference; lastKnownFileType = image.gif; path = EurekaSegmentedRow.gif; sourceTree = "<group>"; };
		0A9E93341FF433DB00CCDEB1 /* EurekaSwitchSections.gif */ = {isa = PBXFileReference; lastKnownFileType = image.gif; path = EurekaSwitchSections.gif; sourceTree = "<group>"; };
		0A9E93361FF433DB00CCDEB1 /* EurekaCountDownInlineRow.gif */ = {isa = PBXFileReference; lastKnownFileType = image.gif; path = EurekaCountDownInlineRow.gif; sourceTree = "<group>"; };
		0A9E93371FF433DB00CCDEB1 /* EurekaCountDownPickerRow.gif */ = {isa = PBXFileReference; lastKnownFileType = image.gif; path = EurekaCountDownPickerRow.gif; sourceTree = "<group>"; };
		0A9E93381FF433DB00CCDEB1 /* EurekaCountDownRow.gif */ = {isa = PBXFileReference; lastKnownFileType = image.gif; path = EurekaCountDownRow.gif; sourceTree = "<group>"; };
		0A9E93391FF433DB00CCDEB1 /* EurekaDateInlineRow.gif */ = {isa = PBXFileReference; lastKnownFileType = image.gif; path = EurekaDateInlineRow.gif; sourceTree = "<group>"; };
		0A9E933A1FF433DB00CCDEB1 /* EurekaDatePickerRow.gif */ = {isa = PBXFileReference; lastKnownFileType = image.gif; path = EurekaDatePickerRow.gif; sourceTree = "<group>"; };
		0A9E933B1FF433DB00CCDEB1 /* EurekaDateRow.gif */ = {isa = PBXFileReference; lastKnownFileType = image.gif; path = EurekaDateRow.gif; sourceTree = "<group>"; };
		0A9E933C1FF433DB00CCDEB1 /* EurekaDateTimeInlineRow.gif */ = {isa = PBXFileReference; lastKnownFileType = image.gif; path = EurekaDateTimeInlineRow.gif; sourceTree = "<group>"; };
		0A9E933D1FF433DB00CCDEB1 /* EurekaDateTimePickerRow.gif */ = {isa = PBXFileReference; lastKnownFileType = image.gif; path = EurekaDateTimePickerRow.gif; sourceTree = "<group>"; };
		0A9E933E1FF433DB00CCDEB1 /* EurekaDateTimeRow.gif */ = {isa = PBXFileReference; lastKnownFileType = image.gif; path = EurekaDateTimeRow.gif; sourceTree = "<group>"; };
		0A9E933F1FF433DB00CCDEB1 /* EurekaTimeInlineRow.gif */ = {isa = PBXFileReference; lastKnownFileType = image.gif; path = EurekaTimeInlineRow.gif; sourceTree = "<group>"; };
		0A9E93401FF433DB00CCDEB1 /* EurekaTimePickerRow.gif */ = {isa = PBXFileReference; lastKnownFileType = image.gif; path = EurekaTimePickerRow.gif; sourceTree = "<group>"; };
		0A9E93411FF433DB00CCDEB1 /* EurekaTimeRow.gif */ = {isa = PBXFileReference; lastKnownFileType = image.gif; path = EurekaTimeRow.gif; sourceTree = "<group>"; };
		0A9E93431FF433DB00CCDEB1 /* ActionSheetRow.jpeg */ = {isa = PBXFileReference; lastKnownFileType = image.jpeg; path = ActionSheetRow.jpeg; sourceTree = "<group>"; };
		0A9E93441FF433DB00CCDEB1 /* AlertRow.jpeg */ = {isa = PBXFileReference; lastKnownFileType = image.jpeg; path = AlertRow.jpeg; sourceTree = "<group>"; };
		0A9E93451FF433DB00CCDEB1 /* ButtonRow.png */ = {isa = PBXFileReference; lastKnownFileType = image.png; path = ButtonRow.png; sourceTree = "<group>"; };
		0A9E93461FF433DB00CCDEB1 /* CheckRow.png */ = {isa = PBXFileReference; lastKnownFileType = image.png; path = CheckRow.png; sourceTree = "<group>"; };
		0A9E93471FF433DB00CCDEB1 /* ImageRow.jpeg */ = {isa = PBXFileReference; lastKnownFileType = image.jpeg; path = ImageRow.jpeg; sourceTree = "<group>"; };
		0A9E93481FF433DB00CCDEB1 /* LabelRow.png */ = {isa = PBXFileReference; lastKnownFileType = image.png; path = LabelRow.png; sourceTree = "<group>"; };
		0A9E93491FF433DB00CCDEB1 /* MultipleSelectorRow.jpeg */ = {isa = PBXFileReference; lastKnownFileType = image.jpeg; path = MultipleSelectorRow.jpeg; sourceTree = "<group>"; };
		0A9E934A1FF433DB00CCDEB1 /* PickerRow.png */ = {isa = PBXFileReference; lastKnownFileType = image.png; path = PickerRow.png; sourceTree = "<group>"; };
		0A9E934B1FF433DB00CCDEB1 /* PictureRow.png */ = {isa = PBXFileReference; lastKnownFileType = image.png; path = PictureRow.png; sourceTree = "<group>"; };
		0A9E934C1FF433DB00CCDEB1 /* PostalAddressRow.png */ = {isa = PBXFileReference; lastKnownFileType = image.png; path = PostalAddressRow.png; sourceTree = "<group>"; };
		0A9E934D1FF433DB00CCDEB1 /* PushRow.jpeg */ = {isa = PBXFileReference; lastKnownFileType = image.jpeg; path = PushRow.jpeg; sourceTree = "<group>"; };
		0A9E934E1FF433DB00CCDEB1 /* SegmentedRow.png */ = {isa = PBXFileReference; lastKnownFileType = image.png; path = SegmentedRow.png; sourceTree = "<group>"; };
		0A9E934F1FF433DB00CCDEB1 /* SegmentedRowWithTitle.png */ = {isa = PBXFileReference; lastKnownFileType = image.png; path = SegmentedRowWithTitle.png; sourceTree = "<group>"; };
		0A9E93501FF433DB00CCDEB1 /* SliderRow.png */ = {isa = PBXFileReference; lastKnownFileType = image.png; path = SliderRow.png; sourceTree = "<group>"; };
		0A9E93511FF433DB00CCDEB1 /* StepperRow.png */ = {isa = PBXFileReference; lastKnownFileType = image.png; path = StepperRow.png; sourceTree = "<group>"; };
		0A9E93521FF433DB00CCDEB1 /* SwitchRow.png */ = {isa = PBXFileReference; lastKnownFileType = image.png; path = SwitchRow.png; sourceTree = "<group>"; };
		0A9E93531FF433DB00CCDEB1 /* TextAreaRow.png */ = {isa = PBXFileReference; lastKnownFileType = image.png; path = TextAreaRow.png; sourceTree = "<group>"; };
		0A9E93551FF433DB00CCDEB1 /* FieldRowUITests.swift */ = {isa = PBXFileReference; lastKnownFileType = sourcecode.swift; path = FieldRowUITests.swift; sourceTree = "<group>"; };
		0A9E93561FF433DB00CCDEB1 /* Info.plist */ = {isa = PBXFileReference; lastKnownFileType = text.plist.xml; path = Info.plist; sourceTree = "<group>"; };
		0A9E93571FF5792000CCDEB1 /* EnableEditOverlay.swift */ = {isa = PBXFileReference; lastKnownFileType = sourcecode.swift; path = EnableEditOverlay.swift; sourceTree = "<group>"; };
		0A9E93591FF57A2600CCDEB1 /* EnableEditOverlay.xib */ = {isa = PBXFileReference; lastKnownFileType = file.xib; path = EnableEditOverlay.xib; sourceTree = "<group>"; };
		0A9ECB6A1FEF902B00E1F0BF /* InvOptionsVC.swift */ = {isa = PBXFileReference; lastKnownFileType = sourcecode.swift; path = InvOptionsVC.swift; sourceTree = "<group>"; };
		0A9ECB6C1FEF908C00E1F0BF /* InvValuationVC.swift */ = {isa = PBXFileReference; lastKnownFileType = sourcecode.swift; path = InvValuationVC.swift; sourceTree = "<group>"; };
		0A9ECB6E1FEF910C00E1F0BF /* InvConditionVC.swift */ = {isa = PBXFileReference; lastKnownFileType = sourcecode.swift; path = InvConditionVC.swift; sourceTree = "<group>"; };
		0A9ECB701FEF914400E1F0BF /* InvRepairVC.swift */ = {isa = PBXFileReference; lastKnownFileType = sourcecode.swift; path = InvRepairVC.swift; sourceTree = "<group>"; };
		0A9ECB721FEF927C00E1F0BF /* InvTitlesVC.swift */ = {isa = PBXFileReference; lastKnownFileType = sourcecode.swift; path = InvTitlesVC.swift; sourceTree = "<group>"; };
		0A9ECB741FEF92F400E1F0BF /* InvPicturesVC.swift */ = {isa = PBXFileReference; lastKnownFileType = sourcecode.swift; path = InvPicturesVC.swift; sourceTree = "<group>"; };
		0A9ECB761FEF932700E1F0BF /* InvFilesVC.swift */ = {isa = PBXFileReference; lastKnownFileType = sourcecode.swift; path = InvFilesVC.swift; sourceTree = "<group>"; };
		0AB16C221FED8C48000124F5 /* cinventory.app */ = {isa = PBXFileReference; explicitFileType = wrapper.application; includeInIndex = 0; path = cinventory.app; sourceTree = BUILT_PRODUCTS_DIR; };
		0AB16C251FED8C48000124F5 /* AppDelegate.swift */ = {isa = PBXFileReference; lastKnownFileType = sourcecode.swift; path = AppDelegate.swift; sourceTree = "<group>"; };
		0AB16C271FED8C48000124F5 /* ViewController.swift */ = {isa = PBXFileReference; lastKnownFileType = sourcecode.swift; path = ViewController.swift; sourceTree = "<group>"; };
		0AB16C2A1FED8C48000124F5 /* Base */ = {isa = PBXFileReference; lastKnownFileType = file.storyboard; name = Base; path = Base.lproj/Main.storyboard; sourceTree = "<group>"; };
		0AB16C2C1FED8C48000124F5 /* Assets.xcassets */ = {isa = PBXFileReference; lastKnownFileType = folder.assetcatalog; path = Assets.xcassets; sourceTree = "<group>"; };
		0AB16C2F1FED8C48000124F5 /* Base */ = {isa = PBXFileReference; lastKnownFileType = file.storyboard; name = Base; path = Base.lproj/LaunchScreen.storyboard; sourceTree = "<group>"; };
		0AB16C311FED8C48000124F5 /* Info.plist */ = {isa = PBXFileReference; lastKnownFileType = text.plist.xml; path = Info.plist; sourceTree = "<group>"; };
		0AB16C441FED9737000124F5 /* SplashVC.swift */ = {isa = PBXFileReference; lastKnownFileType = sourcecode.swift; path = SplashVC.swift; sourceTree = "<group>"; };
		0AB16C461FED97A1000124F5 /* LoginVC.swift */ = {isa = PBXFileReference; lastKnownFileType = sourcecode.swift; path = LoginVC.swift; sourceTree = "<group>"; };
		0AB16C4A1FED9919000124F5 /* PageRedirectHelper.swift */ = {isa = PBXFileReference; lastKnownFileType = sourcecode.swift; path = PageRedirectHelper.swift; sourceTree = "<group>"; };
		0AB16C4C1FED9FE3000124F5 /* ValidationHelper.swift */ = {isa = PBXFileReference; lastKnownFileType = sourcecode.swift; path = ValidationHelper.swift; sourceTree = "<group>"; };
		0AB16C4E1FEDA023000124F5 /* UtilityHelper.swift */ = {isa = PBXFileReference; lastKnownFileType = sourcecode.swift; path = UtilityHelper.swift; sourceTree = "<group>"; };
		0AB16C511FEDA358000124F5 /* InventoryApi.swift */ = {isa = PBXFileReference; lastKnownFileType = sourcecode.swift; path = InventoryApi.swift; sourceTree = "<group>"; };
		0AB16C531FEDA438000124F5 /* NetworkHelper.swift */ = {isa = PBXFileReference; lastKnownFileType = sourcecode.swift; path = NetworkHelper.swift; sourceTree = "<group>"; };
		0AB16C561FEDA50A000124F5 /* Constants.swift */ = {isa = PBXFileReference; lastKnownFileType = sourcecode.swift; path = Constants.swift; sourceTree = "<group>"; };
		0AB16C591FEDA78F000124F5 /* UserModel.swift */ = {isa = PBXFileReference; lastKnownFileType = sourcecode.swift; path = UserModel.swift; sourceTree = "<group>"; };
		0AB16C5B1FEDA8B8000124F5 /* AppModel.swift */ = {isa = PBXFileReference; lastKnownFileType = sourcecode.swift; path = AppModel.swift; sourceTree = "<group>"; };
		0AC3B48C1FF028C000AE54C0 /* RowSelectionVC.swift */ = {isa = PBXFileReference; lastKnownFileType = sourcecode.swift; path = RowSelectionVC.swift; sourceTree = "<group>"; };
		0AC3B48E1FF1927000AE54C0 /* InventoryVCCV.swift */ = {isa = PBXFileReference; lastKnownFileType = sourcecode.swift; path = InventoryVCCV.swift; sourceTree = "<group>"; };
		0AC3B4901FF192C800AE54C0 /* InventoryVCinit.swift */ = {isa = PBXFileReference; lastKnownFileType = sourcecode.swift; path = InventoryVCinit.swift; sourceTree = "<group>"; };
		0AC3B4921FF193E000AE54C0 /* InventoryVCViews.swift */ = {isa = PBXFileReference; lastKnownFileType = sourcecode.swift; path = InventoryVCViews.swift; sourceTree = "<group>"; };
		0AFF6BDD2006BCBD00F2F32A /* invOptionsChecklist.plist */ = {isa = PBXFileReference; fileEncoding = 4; lastKnownFileType = text.plist.xml; path = invOptionsChecklist.plist; sourceTree = "<group>"; };
		0AFF6BEC2008080200F2F32A /* SidemenuVC.swift */ = {isa = PBXFileReference; lastKnownFileType = sourcecode.swift; path = SidemenuVC.swift; sourceTree = "<group>"; };
		0AFF6BEF2008098A00F2F32A /* SidemenuParentTVC.swift */ = {isa = PBXFileReference; fileEncoding = 4; lastKnownFileType = sourcecode.swift; path = SidemenuParentTVC.swift; sourceTree = "<group>"; };
		0AFF6BF02008098A00F2F32A /* SidemenuParentTVC.xib */ = {isa = PBXFileReference; fileEncoding = 4; lastKnownFileType = file.xib; path = SidemenuParentTVC.xib; sourceTree = "<group>"; };
		0AFF6BF320080A0A00F2F32A /* MenuItems.plist */ = {isa = PBXFileReference; fileEncoding = 4; lastKnownFileType = text.plist.xml; path = MenuItems.plist; sourceTree = "<group>"; };
		5AA9B47420060F0B0072B052 /* CustomCells.swift */ = {isa = PBXFileReference; lastKnownFileType = sourcecode.swift; path = CustomCells.swift; sourceTree = "<group>"; };
		5AA9B47720060FD60072B052 /* FloatLabelTextField.swift */ = {isa = PBXFileReference; lastKnownFileType = sourcecode.swift; path = FloatLabelTextField.swift; sourceTree = "<group>"; };
		5EEA1B543BCCF00626F76D2A /* Pods-cinventory.debug.xcconfig */ = {isa = PBXFileReference; includeInIndex = 1; lastKnownFileType = text.xcconfig; name = "Pods-cinventory.debug.xcconfig"; path = "Pods/Target Support Files/Pods-cinventory/Pods-cinventory.debug.xcconfig"; sourceTree = "<group>"; };
		7504EAFB96A4FA922E841177 /* Pods_cinventory.framework */ = {isa = PBXFileReference; explicitFileType = wrapper.framework; includeInIndex = 0; path = Pods_cinventory.framework; sourceTree = BUILT_PRODUCTS_DIR; };
		97E7350DE5E0A48DE745AC61 /* Pods-cinventory.release.xcconfig */ = {isa = PBXFileReference; includeInIndex = 1; lastKnownFileType = text.xcconfig; name = "Pods-cinventory.release.xcconfig"; path = "Pods/Target Support Files/Pods-cinventory/Pods-cinventory.release.xcconfig"; sourceTree = "<group>"; };
/* End PBXFileReference section */

/* Begin PBXFrameworksBuildPhase section */
		0AB16C1F1FED8C48000124F5 /* Frameworks */ = {
			isa = PBXFrameworksBuildPhase;
			buildActionMask = 2147483647;
			files = (
				0A73454D1FEE44D100FF4F1C /* UIKit.framework in Frameworks */,
				0A73454A1FEE44B900FF4F1C /* Foundation.framework in Frameworks */,
				0A7345451FEE44A400FF4F1C /* CoreGraphics.framework in Frameworks */,
				1675D57BC1F6489DD95FF858 /* Pods_cinventory.framework in Frameworks */,
			);
			runOnlyForDeploymentPostprocessing = 0;
		};
/* End PBXFrameworksBuildPhase section */

/* Begin PBXGroup section */
		0A2AE5731FEF00E0000D0C1E /* SUBVIEWS */ = {
			isa = PBXGroup;
			children = (
				0A2AE5741FEF00E0000D0C1E /* InvSubviews */,
			);
			path = SUBVIEWS;
			sourceTree = "<group>";
		};
		0A2AE5741FEF00E0000D0C1E /* InvSubviews */ = {
			isa = PBXGroup;
			children = (
				0A2AE5751FEF0113000D0C1E /* BasicSubview.xib */,
				0A2AE5771FEF013B000D0C1E /* BasicSubview.swift */,
				0A9E93571FF5792000CCDEB1 /* EnableEditOverlay.swift */,
				0A9E93591FF57A2600CCDEB1 /* EnableEditOverlay.xib */,
			);
			path = InvSubviews;
			sourceTree = "<group>";
		};
		0A2AE5791FEF0D10000D0C1E /* InventoryPages */ = {
			isa = PBXGroup;
			children = (
				0A2AE57E1FEF0F2A000D0C1E /* InvPageVC.swift */,
				0A2AE57A1FEF0D41000D0C1E /* InvBasicVC.swift */,
				0A2AE57C1FEF0D5D000D0C1E /* InvCostVC.swift */,
				0A9ECB6A1FEF902B00E1F0BF /* InvOptionsVC.swift */,
				0A9ECB6C1FEF908C00E1F0BF /* InvValuationVC.swift */,
				0A9ECB6E1FEF910C00E1F0BF /* InvConditionVC.swift */,
				0A9ECB701FEF914400E1F0BF /* InvRepairVC.swift */,
				0A9ECB721FEF927C00E1F0BF /* InvTitlesVC.swift */,
				0A9ECB741FEF92F400E1F0BF /* InvPicturesVC.swift */,
				0A9ECB761FEF932700E1F0BF /* InvFilesVC.swift */,
				0AC3B48C1FF028C000AE54C0 /* RowSelectionVC.swift */,
			);
			path = InventoryPages;
			sourceTree = "<group>";
		};
		0A6CD2AC1FEED2A700505C2F /* InventoryVC */ = {
			isa = PBXGroup;
			children = (
				0A6CD2AD1FEED2B600505C2F /* InventoryVC.swift */,
				0AC3B48E1FF1927000AE54C0 /* InventoryVCCV.swift */,
				0AC3B4901FF192C800AE54C0 /* InventoryVCinit.swift */,
				0AC3B4921FF193E000AE54C0 /* InventoryVCViews.swift */,
				0A2AE5791FEF0D10000D0C1E /* InventoryPages */,
			);
			path = InventoryVC;
			sourceTree = "<group>";
		};
		0A83A9F41FEE51E000CB72F5 /* BaseVC */ = {
			isa = PBXGroup;
			children = (
				0A83A9F51FEE51F500CB72F5 /* BaseVC.swift */,
			);
			path = BaseVC;
			sourceTree = "<group>";
		};
		0A83A9F71FEE545600CB72F5 /* TabCollection */ = {
			isa = PBXGroup;
			children = (
				0A83A9FC1FEE54A700CB72F5 /* DashboardVC */,
				0A83A9F81FEE545600CB72F5 /* HomeVC */,
				0A83A9F91FEE545600CB72F5 /* NotificationVC */,
				0A83A9FA1FEE545600CB72F5 /* SettingsVC */,
			);
			path = TabCollection;
			sourceTree = "<group>";
		};
		0A83A9F81FEE545600CB72F5 /* HomeVC */ = {
			isa = PBXGroup;
			children = (
				0A83A9FF1FEE580E00CB72F5 /* HomeTableVC.swift */,
				0A6CD2A71FEE854400505C2F /* HomeTableExt.swift */,
				0A6CD2AA1FEEC9F600505C2F /* HomeFuncExt.swift */,
				0A9E935B1FF6D9DC00CCDEB1 /* QRVC */,
				0A6CD2AC1FEED2A700505C2F /* InventoryVC */,
			);
			path = HomeVC;
			sourceTree = "<group>";
		};
		0A83A9F91FEE545600CB72F5 /* NotificationVC */ = {
			isa = PBXGroup;
			children = (
				0A83AA011FEE585500CB72F5 /* NotificationVC.swift */,
			);
			path = NotificationVC;
			sourceTree = "<group>";
		};
		0A83A9FA1FEE545600CB72F5 /* SettingsVC */ = {
			isa = PBXGroup;
			children = (
				0A83AA031FEE58CA00CB72F5 /* SettingsVC.swift */,
			);
			path = SettingsVC;
			sourceTree = "<group>";
		};
		0A83A9FC1FEE54A700CB72F5 /* DashboardVC */ = {
			isa = PBXGroup;
			children = (
				0A83A9FD1FEE54B800CB72F5 /* DashboardVC.swift */,
			);
			path = DashboardVC;
			sourceTree = "<group>";
		};
		0A83AA051FEE724300CB72F5 /* CELLS */ = {
			isa = PBXGroup;
			children = (
				0A83AA061FEE724300CB72F5 /* CollectionViewCells */,
				0A83AA071FEE724300CB72F5 /* TableViewCells */,
			);
			path = CELLS;
			sourceTree = "<group>";
		};
		0A83AA061FEE724300CB72F5 /* CollectionViewCells */ = {
			isa = PBXGroup;
			children = (
				0A6CD2B21FEEE94E00505C2F /* IconCVC.swift */,
				0A6CD2B31FEEE94E00505C2F /* IconCVC.xib */,
			);
			path = CollectionViewCells;
			sourceTree = "<group>";
		};
		0A83AA071FEE724300CB72F5 /* TableViewCells */ = {
			isa = PBXGroup;
			children = (
				0AFF6BEE2008098A00F2F32A /* Sidemenu */,
				0A6CD2A31FEE765A00505C2F /* InvListTVC.swift */,
				0A6CD2A41FEE765A00505C2F /* InvListTVC.xib */,
			);
			path = TableViewCells;
			sourceTree = "<group>";
		};
		0A9E930A1FF433DB00CCDEB1 /* Example */ = {
			isa = PBXGroup;
			children = (
				0A9E930B1FF433DB00CCDEB1 /* Example */,
				0A9E93231FF433DB00CCDEB1 /* Media */,
				0A9E93541FF433DB00CCDEB1 /* UITests */,
			);
			path = Example;
			sourceTree = "<group>";
		};
		0A9E930B1FF433DB00CCDEB1 /* Example */ = {
			isa = PBXGroup;
			children = (
				0A9E930C1FF433DB00CCDEB1 /* AppDelegate.swift */,
				0A9E930D1FF433DB00CCDEB1 /* Assets.xcassets */,
				0A9E930E1FF433DB00CCDEB1 /* EurekaSectionHeader.xib */,
				0A9E93101FF433DB00CCDEB1 /* LaunchScreen.storyboard */,
				0A9E93121FF433DB00CCDEB1 /* Main.storyboard */,
				0A9E93141FF433DB00CCDEB1 /* WeekDaysCell.xib */,
				0A9E93161FF433DB00CCDEB1 /* CustomCells.swift */,
				0A9E93171FF433DB00CCDEB1 /* CustomDesign */,
				0A9E931B1FF433DB00CCDEB1 /* CustomRows */,
				0A9E931F1FF433DB00CCDEB1 /* Helpers */,
				0A9E93211FF433DB00CCDEB1 /* Info.plist */,
				0A9E93221FF433DB00CCDEB1 /* ViewController.swift */,
			);
			path = Example;
			sourceTree = "<group>";
		};
		0A9E93171FF433DB00CCDEB1 /* CustomDesign */ = {
			isa = PBXGroup;
			children = (
				0A9E93181FF433DB00CCDEB1 /* DatePickerCell.xib */,
				0A9E93191FF433DB00CCDEB1 /* SwitchCell.xib */,
				0A9E931A1FF433DB00CCDEB1 /* TextCell.xib */,
			);
			path = CustomDesign;
			sourceTree = "<group>";
		};
		0A9E931B1FF433DB00CCDEB1 /* CustomRows */ = {
			isa = PBXGroup;
			children = (
				0A9E931C1FF433DB00CCDEB1 /* ImageRow */,
			);
			path = CustomRows;
			sourceTree = "<group>";
		};
		0A9E931C1FF433DB00CCDEB1 /* ImageRow */ = {
			isa = PBXGroup;
			children = (
				0A9E931D1FF433DB00CCDEB1 /* ImagePickerController.swift */,
				0A9E931E1FF433DB00CCDEB1 /* ImageRow.swift */,
			);
			path = ImageRow;
			sourceTree = "<group>";
		};
		0A9E931F1FF433DB00CCDEB1 /* Helpers */ = {
			isa = PBXGroup;
			children = (
				0A9E93201FF433DB00CCDEB1 /* FloatLabelTextField.swift */,
			);
			path = Helpers;
			sourceTree = "<group>";
		};
		0A9E93231FF433DB00CCDEB1 /* Media */ = {
			isa = PBXGroup;
			children = (
				0A9E93241FF433DB00CCDEB1 /* CatalogFieldRows.jpg */,
				0A9E93251FF433DB00CCDEB1 /* EurekaAlertRow.gif */,
				0A9E93261FF433DB00CCDEB1 /* EurekaCustomCellDisabled.gif */,
				0A9E93271FF433DB00CCDEB1 /* EurekaCustomCells.gif */,
				0A9E93281FF433DB00CCDEB1 /* EurekaCustomRow.gif */,
				0A9E93291FF433DB00CCDEB1 /* EurekaExample1.gif */,
				0A9E932A1FF433DB00CCDEB1 /* EurekaExample2.gif */,
				0A9E932B1FF433DB00CCDEB1 /* EurekaExample3.gif */,
				0A9E932C1FF433DB00CCDEB1 /* EurekaHidden.gif */,
				0A9E932D1FF433DB00CCDEB1 /* EurekaHowTo.gif */,
				0A9E932E1FF433DB00CCDEB1 /* EurekaLocationRow.gif */,
				0A9E932F1FF433DB00CCDEB1 /* EurekaMultivalued.gif */,
				0A9E93301FF433DB00CCDEB1 /* EurekaNavigation.gif */,
				0A9E93311FF433DB00CCDEB1 /* EurekaOnChange.gif */,
				0A9E93321FF433DB00CCDEB1 /* EurekaRows.gif */,
				0A9E93331FF433DB00CCDEB1 /* EurekaSegmentedRow.gif */,
				0A9E93341FF433DB00CCDEB1 /* EurekaSwitchSections.gif */,
				0A9E93351FF433DB00CCDEB1 /* RowGifs */,
				0A9E93421FF433DB00CCDEB1 /* RowStatics */,
			);
			path = Media;
			sourceTree = "<group>";
		};
		0A9E93351FF433DB00CCDEB1 /* RowGifs */ = {
			isa = PBXGroup;
			children = (
				0A9E93361FF433DB00CCDEB1 /* EurekaCountDownInlineRow.gif */,
				0A9E93371FF433DB00CCDEB1 /* EurekaCountDownPickerRow.gif */,
				0A9E93381FF433DB00CCDEB1 /* EurekaCountDownRow.gif */,
				0A9E93391FF433DB00CCDEB1 /* EurekaDateInlineRow.gif */,
				0A9E933A1FF433DB00CCDEB1 /* EurekaDatePickerRow.gif */,
				0A9E933B1FF433DB00CCDEB1 /* EurekaDateRow.gif */,
				0A9E933C1FF433DB00CCDEB1 /* EurekaDateTimeInlineRow.gif */,
				0A9E933D1FF433DB00CCDEB1 /* EurekaDateTimePickerRow.gif */,
				0A9E933E1FF433DB00CCDEB1 /* EurekaDateTimeRow.gif */,
				0A9E933F1FF433DB00CCDEB1 /* EurekaTimeInlineRow.gif */,
				0A9E93401FF433DB00CCDEB1 /* EurekaTimePickerRow.gif */,
				0A9E93411FF433DB00CCDEB1 /* EurekaTimeRow.gif */,
			);
			path = RowGifs;
			sourceTree = "<group>";
		};
		0A9E93421FF433DB00CCDEB1 /* RowStatics */ = {
			isa = PBXGroup;
			children = (
				0A9E93431FF433DB00CCDEB1 /* ActionSheetRow.jpeg */,
				0A9E93441FF433DB00CCDEB1 /* AlertRow.jpeg */,
				0A9E93451FF433DB00CCDEB1 /* ButtonRow.png */,
				0A9E93461FF433DB00CCDEB1 /* CheckRow.png */,
				0A9E93471FF433DB00CCDEB1 /* ImageRow.jpeg */,
				0A9E93481FF433DB00CCDEB1 /* LabelRow.png */,
				0A9E93491FF433DB00CCDEB1 /* MultipleSelectorRow.jpeg */,
				0A9E934A1FF433DB00CCDEB1 /* PickerRow.png */,
				0A9E934B1FF433DB00CCDEB1 /* PictureRow.png */,
				0A9E934C1FF433DB00CCDEB1 /* PostalAddressRow.png */,
				0A9E934D1FF433DB00CCDEB1 /* PushRow.jpeg */,
				0A9E934E1FF433DB00CCDEB1 /* SegmentedRow.png */,
				0A9E934F1FF433DB00CCDEB1 /* SegmentedRowWithTitle.png */,
				0A9E93501FF433DB00CCDEB1 /* SliderRow.png */,
				0A9E93511FF433DB00CCDEB1 /* StepperRow.png */,
				0A9E93521FF433DB00CCDEB1 /* SwitchRow.png */,
				0A9E93531FF433DB00CCDEB1 /* TextAreaRow.png */,
			);
			path = RowStatics;
			sourceTree = "<group>";
		};
		0A9E93541FF433DB00CCDEB1 /* UITests */ = {
			isa = PBXGroup;
			children = (
				0A9E93551FF433DB00CCDEB1 /* FieldRowUITests.swift */,
				0A9E93561FF433DB00CCDEB1 /* Info.plist */,
			);
			path = UITests;
			sourceTree = "<group>";
		};
		0A9E935B1FF6D9DC00CCDEB1 /* QRVC */ = {
			isa = PBXGroup;
			children = (
				0A61DA521FF7A72100452352 /* QRScannerController.swift */,
			);
			path = QRVC;
			sourceTree = "<group>";
		};
		0AB16C191FED8C48000124F5 = {
			isa = PBXGroup;
			children = (
				0AB16C241FED8C48000124F5 /* cinventory */,
				0AB16C231FED8C48000124F5 /* Products */,
				81432469EC6817A6F3E5CFB4 /* Pods */,
				3EDE020B97EE813279A05EF9 /* Frameworks */,
			);
			sourceTree = "<group>";
		};
		0AB16C231FED8C48000124F5 /* Products */ = {
			isa = PBXGroup;
			children = (
				0AB16C221FED8C48000124F5 /* cinventory.app */,
			);
			name = Products;
			sourceTree = "<group>";
		};
		0AB16C241FED8C48000124F5 /* cinventory */ = {
			isa = PBXGroup;
			children = (
				0A9E930A1FF433DB00CCDEB1 /* Example */,
				0AB16C481FED98E6000124F5 /* REUSEABLES */,
				0AB16C371FED9558000124F5 /* VIEWCONTROLLERS */,
				0A83AA051FEE724300CB72F5 /* CELLS */,
				5AA9B47620060FC10072B052 /* EUREKA */,
				0A2AE5731FEF00E0000D0C1E /* SUBVIEWS */,
				0AB16C251FED8C48000124F5 /* AppDelegate.swift */,
				0AB16C271FED8C48000124F5 /* ViewController.swift */,
				0AB16C291FED8C48000124F5 /* Main.storyboard */,
				0AB16C2C1FED8C48000124F5 /* Assets.xcassets */,
				0AB16C2E1FED8C48000124F5 /* LaunchScreen.storyboard */,
				0AB16C311FED8C48000124F5 /* Info.plist */,
			);
			path = cinventory;
			sourceTree = "<group>";
		};
		0AB16C371FED9558000124F5 /* VIEWCONTROLLERS */ = {
			isa = PBXGroup;
			children = (
				0AFF6BE9200805A800F2F32A /* SidemenuVC */,
				0A83A9F41FEE51E000CB72F5 /* BaseVC */,
				0AB16C431FED9721000124F5 /* SplashVC */,
				0AB16C421FED961B000124F5 /* AccountsVC */,
				0A83A9F71FEE545600CB72F5 /* TabCollection */,
			);
			path = VIEWCONTROLLERS;
			sourceTree = "<group>";
		};
		0AB16C421FED961B000124F5 /* AccountsVC */ = {
			isa = PBXGroup;
			children = (
				0AB16C461FED97A1000124F5 /* LoginVC.swift */,
			);
			path = AccountsVC;
			sourceTree = "<group>";
		};
		0AB16C431FED9721000124F5 /* SplashVC */ = {
			isa = PBXGroup;
			children = (
				0AB16C441FED9737000124F5 /* SplashVC.swift */,
			);
			path = SplashVC;
			sourceTree = "<group>";
		};
		0AB16C481FED98E6000124F5 /* REUSEABLES */ = {
			isa = PBXGroup;
			children = (
				0AB16C581FEDA781000124F5 /* MODELS */,
				0AB16C551FEDA4FF000124F5 /* CONSTANTS */,
				0AB16C501FEDA33E000124F5 /* API */,
				0AB16C491FED98FC000124F5 /* HELPERS */,
			);
			path = REUSEABLES;
			sourceTree = "<group>";
		};
		0AB16C491FED98FC000124F5 /* HELPERS */ = {
			isa = PBXGroup;
			children = (
				0AB16C4A1FED9919000124F5 /* PageRedirectHelper.swift */,
				0AB16C4C1FED9FE3000124F5 /* ValidationHelper.swift */,
				0AB16C4E1FEDA023000124F5 /* UtilityHelper.swift */,
				0AB16C531FEDA438000124F5 /* NetworkHelper.swift */,
				0A7345401FEDBC0C00FF4F1C /* ExtensionHelper.swift */,
				0A7345421FEDC1D700FF4F1C /* StyleHelper.swift */,
				0A6CD2B91FEEEE8100505C2F /* StyleHelper2.swift */,
			);
			path = HELPERS;
			sourceTree = "<group>";
		};
		0AB16C501FEDA33E000124F5 /* API */ = {
			isa = PBXGroup;
			children = (
				0AB16C511FEDA358000124F5 /* InventoryApi.swift */,
			);
			path = API;
			sourceTree = "<group>";
		};
		0AB16C551FEDA4FF000124F5 /* CONSTANTS */ = {
			isa = PBXGroup;
			children = (
				0AB16C561FEDA50A000124F5 /* Constants.swift */,
				0AFF6BF320080A0A00F2F32A /* MenuItems.plist */,
				0AFF6BDD2006BCBD00F2F32A /* invOptionsChecklist.plist */,
				0A6CD2AF1FEEDFC000505C2F /* invItems.plist */,
			);
			path = CONSTANTS;
			sourceTree = "<group>";
		};
		0AB16C581FEDA781000124F5 /* MODELS */ = {
			isa = PBXGroup;
			children = (
				0AB16C591FEDA78F000124F5 /* UserModel.swift */,
				0AB16C5B1FEDA8B8000124F5 /* AppModel.swift */,
			);
			path = MODELS;
			sourceTree = "<group>";
		};
		0AFF6BE9200805A800F2F32A /* SidemenuVC */ = {
			isa = PBXGroup;
			children = (
				0AFF6BEC2008080200F2F32A /* SidemenuVC.swift */,
			);
			path = SidemenuVC;
			sourceTree = "<group>";
		};
		0AFF6BEE2008098A00F2F32A /* Sidemenu */ = {
			isa = PBXGroup;
			children = (
				0AFF6BEF2008098A00F2F32A /* SidemenuParentTVC.swift */,
				0AFF6BF02008098A00F2F32A /* SidemenuParentTVC.xib */,
			);
			path = Sidemenu;
			sourceTree = "<group>";
		};
		3EDE020B97EE813279A05EF9 /* Frameworks */ = {
			isa = PBXGroup;
			children = (
				0A73454C1FEE44D100FF4F1C /* UIKit.framework */,
				0A7345481FEE44B900FF4F1C /* AVFoundation.framework */,
				0A7345461FEE44B900FF4F1C /* CoreFoundation.framework */,
				0A7345471FEE44B900FF4F1C /* Foundation.framework */,
				0A7345441FEE44A400FF4F1C /* CoreGraphics.framework */,
				7504EAFB96A4FA922E841177 /* Pods_cinventory.framework */,
			);
			name = Frameworks;
			sourceTree = "<group>";
		};
		5AA9B47620060FC10072B052 /* EUREKA */ = {
			isa = PBXGroup;
			children = (
				5AA9B47420060F0B0072B052 /* CustomCells.swift */,
				5AA9B47720060FD60072B052 /* FloatLabelTextField.swift */,
			);
			path = EUREKA;
			sourceTree = "<group>";
		};
		81432469EC6817A6F3E5CFB4 /* Pods */ = {
			isa = PBXGroup;
			children = (
				5EEA1B543BCCF00626F76D2A /* Pods-cinventory.debug.xcconfig */,
				97E7350DE5E0A48DE745AC61 /* Pods-cinventory.release.xcconfig */,
			);
			name = Pods;
			sourceTree = "<group>";
		};
/* End PBXGroup section */

/* Begin PBXNativeTarget section */
		0AB16C211FED8C48000124F5 /* cinventory */ = {
			isa = PBXNativeTarget;
			buildConfigurationList = 0AB16C341FED8C48000124F5 /* Build configuration list for PBXNativeTarget "cinventory" */;
			buildPhases = (
				E754584A49498A0202A5B03B /* [CP] Check Pods Manifest.lock */,
				0AB16C1E1FED8C48000124F5 /* Sources */,
				0AB16C1F1FED8C48000124F5 /* Frameworks */,
				0AB16C201FED8C48000124F5 /* Resources */,
				E57F0FB93278BDD10A167177 /* [CP] Embed Pods Frameworks */,
				52BE6A30A472DD3936C8759B /* [CP] Copy Pods Resources */,
			);
			buildRules = (
			);
			dependencies = (
			);
			name = cinventory;
			productName = cinventory;
			productReference = 0AB16C221FED8C48000124F5 /* cinventory.app */;
			productType = "com.apple.product-type.application";
		};
/* End PBXNativeTarget section */

/* Begin PBXProject section */
		0AB16C1A1FED8C48000124F5 /* Project object */ = {
			isa = PBXProject;
			attributes = {
				LastSwiftUpdateCheck = 0900;
				LastUpgradeCheck = 0900;
				ORGANIZATIONNAME = pixel;
				TargetAttributes = {
					0AB16C211FED8C48000124F5 = {
						CreatedOnToolsVersion = 9.0;
						ProvisioningStyle = Automatic;
					};
				};
			};
			buildConfigurationList = 0AB16C1D1FED8C48000124F5 /* Build configuration list for PBXProject "cinventory" */;
			compatibilityVersion = "Xcode 8.0";
			developmentRegion = en;
			hasScannedForEncodings = 0;
			knownRegions = (
				en,
				Base,
			);
			mainGroup = 0AB16C191FED8C48000124F5;
			productRefGroup = 0AB16C231FED8C48000124F5 /* Products */;
			projectDirPath = "";
			projectRoot = "";
			targets = (
				0AB16C211FED8C48000124F5 /* cinventory */,
			);
		};
/* End PBXProject section */

/* Begin PBXResourcesBuildPhase section */
		0AB16C201FED8C48000124F5 /* Resources */ = {
			isa = PBXResourcesBuildPhase;
			buildActionMask = 2147483647;
			files = (
				0AFF6BF420080A0B00F2F32A /* MenuItems.plist in Resources */,
				0AFF6BDE2006BCBE00F2F32A /* invOptionsChecklist.plist in Resources */,
				0A2AE5761FEF0113000D0C1E /* BasicSubview.xib in Resources */,
				0A6CD2BD1FEEF3E400505C2F /* invItems.plist in Resources */,
				0AB16C301FED8C48000124F5 /* LaunchScreen.storyboard in Resources */,
				0A6CD2B51FEEE94E00505C2F /* IconCVC.xib in Resources */,
				0A6CD2A61FEE765A00505C2F /* InvListTVC.xib in Resources */,
				0AFF6BF22008098A00F2F32A /* SidemenuParentTVC.xib in Resources */,
				0A9E935A1FF57A2600CCDEB1 /* EnableEditOverlay.xib in Resources */,
				0AB16C2D1FED8C48000124F5 /* Assets.xcassets in Resources */,
				0AB16C2B1FED8C48000124F5 /* Main.storyboard in Resources */,
			);
			runOnlyForDeploymentPostprocessing = 0;
		};
/* End PBXResourcesBuildPhase section */

/* Begin PBXShellScriptBuildPhase section */
		52BE6A30A472DD3936C8759B /* [CP] Copy Pods Resources */ = {
			isa = PBXShellScriptBuildPhase;
			buildActionMask = 2147483647;
			files = (
			);
			inputPaths = (
			);
			name = "[CP] Copy Pods Resources";
			outputPaths = (
			);
			runOnlyForDeploymentPostprocessing = 0;
			shellPath = /bin/sh;
			shellScript = "\"${SRCROOT}/Pods/Target Support Files/Pods-cinventory/Pods-cinventory-resources.sh\"\n";
			showEnvVarsInLog = 0;
		};
		E57F0FB93278BDD10A167177 /* [CP] Embed Pods Frameworks */ = {
			isa = PBXShellScriptBuildPhase;
			buildActionMask = 2147483647;
			files = (
			);
			inputPaths = (
				"${SRCROOT}/Pods/Target Support Files/Pods-cinventory/Pods-cinventory-frameworks.sh",
				"${BUILT_PRODUCTS_DIR}/ActionSheetPicker-3.0/ActionSheetPicker_3_0.framework",
				"${BUILT_PRODUCTS_DIR}/Alamofire/Alamofire.framework",
				"${BUILT_PRODUCTS_DIR}/AlamofireImage/AlamofireImage.framework",
				"${BUILT_PRODUCTS_DIR}/CryptoSwift/CryptoSwift.framework",
				"${BUILT_PRODUCTS_DIR}/EVReflection/EVReflection.framework",
				"${BUILT_PRODUCTS_DIR}/Eureka/Eureka.framework",
				"${BUILT_PRODUCTS_DIR}/IQKeyboardManagerSwift/IQKeyboardManagerSwift.framework",
				"${BUILT_PRODUCTS_DIR}/LKAlertController/LKAlertController.framework",
				"${BUILT_PRODUCTS_DIR}/MBProgressHUD/MBProgressHUD.framework",
				"${BUILT_PRODUCTS_DIR}/ReachabilitySwift/Reachability.framework",
			);
			name = "[CP] Embed Pods Frameworks";
			outputPaths = (
				"${TARGET_BUILD_DIR}/${FRAMEWORKS_FOLDER_PATH}/ActionSheetPicker_3_0.framework",
				"${TARGET_BUILD_DIR}/${FRAMEWORKS_FOLDER_PATH}/Alamofire.framework",
				"${TARGET_BUILD_DIR}/${FRAMEWORKS_FOLDER_PATH}/AlamofireImage.framework",
				"${TARGET_BUILD_DIR}/${FRAMEWORKS_FOLDER_PATH}/CryptoSwift.framework",
				"${TARGET_BUILD_DIR}/${FRAMEWORKS_FOLDER_PATH}/EVReflection.framework",
				"${TARGET_BUILD_DIR}/${FRAMEWORKS_FOLDER_PATH}/Eureka.framework",
				"${TARGET_BUILD_DIR}/${FRAMEWORKS_FOLDER_PATH}/IQKeyboardManagerSwift.framework",
				"${TARGET_BUILD_DIR}/${FRAMEWORKS_FOLDER_PATH}/LKAlertController.framework",
				"${TARGET_BUILD_DIR}/${FRAMEWORKS_FOLDER_PATH}/MBProgressHUD.framework",
				"${TARGET_BUILD_DIR}/${FRAMEWORKS_FOLDER_PATH}/Reachability.framework",
			);
			runOnlyForDeploymentPostprocessing = 0;
			shellPath = /bin/sh;
			shellScript = "\"${SRCROOT}/Pods/Target Support Files/Pods-cinventory/Pods-cinventory-frameworks.sh\"\n";
			showEnvVarsInLog = 0;
		};
		E754584A49498A0202A5B03B /* [CP] Check Pods Manifest.lock */ = {
			isa = PBXShellScriptBuildPhase;
			buildActionMask = 2147483647;
			files = (
			);
			inputPaths = (
				"${PODS_PODFILE_DIR_PATH}/Podfile.lock",
				"${PODS_ROOT}/Manifest.lock",
			);
			name = "[CP] Check Pods Manifest.lock";
			outputPaths = (
				"$(DERIVED_FILE_DIR)/Pods-cinventory-checkManifestLockResult.txt",
			);
			runOnlyForDeploymentPostprocessing = 0;
			shellPath = /bin/sh;
			shellScript = "diff \"${PODS_PODFILE_DIR_PATH}/Podfile.lock\" \"${PODS_ROOT}/Manifest.lock\" > /dev/null\nif [ $? != 0 ] ; then\n    # print error to STDERR\n    echo \"error: The sandbox is not in sync with the Podfile.lock. Run 'pod install' or update your CocoaPods installation.\" >&2\n    exit 1\nfi\n# This output is used by Xcode 'outputs' to avoid re-running this script phase.\necho \"SUCCESS\" > \"${SCRIPT_OUTPUT_FILE_0}\"\n";
			showEnvVarsInLog = 0;
		};
/* End PBXShellScriptBuildPhase section */

/* Begin PBXSourcesBuildPhase section */
		0AB16C1E1FED8C48000124F5 /* Sources */ = {
			isa = PBXSourcesBuildPhase;
			buildActionMask = 2147483647;
			files = (
				0A9ECB771FEF932700E1F0BF /* InvFilesVC.swift in Sources */,
				0A6CD2B61FEEE9A000505C2F /* IconCVC.xib in Sources */,
				0A6CD2A91FEE88FC00505C2F /* InvListTVC.xib in Sources */,
				0A83AA041FEE58CA00CB72F5 /* SettingsVC.swift in Sources */,
				0AB16C4F1FEDA023000124F5 /* UtilityHelper.swift in Sources */,
				0A83AA021FEE585500CB72F5 /* NotificationVC.swift in Sources */,
				0A7345431FEDC1D700FF4F1C /* StyleHelper.swift in Sources */,
				5AA9B47520060F0B0072B052 /* CustomCells.swift in Sources */,
				0A7345411FEDBC0C00FF4F1C /* ExtensionHelper.swift in Sources */,
				0A2AE57D1FEF0D5D000D0C1E /* InvCostVC.swift in Sources */,
				0A6CD2A51FEE765A00505C2F /* InvListTVC.swift in Sources */,
				0A6CD2AB1FEEC9F600505C2F /* HomeFuncExt.swift in Sources */,
				0A9ECB6D1FEF908C00E1F0BF /* InvValuationVC.swift in Sources */,
				0A6CD2A81FEE854400505C2F /* HomeTableExt.swift in Sources */,
				5AA9B47820060FD60072B052 /* FloatLabelTextField.swift in Sources */,
				0AB16C541FEDA438000124F5 /* NetworkHelper.swift in Sources */,
				0A83A9F61FEE51F500CB72F5 /* BaseVC.swift in Sources */,
				0A2AE5781FEF013B000D0C1E /* BasicSubview.swift in Sources */,
				0A9ECB731FEF927C00E1F0BF /* InvTitlesVC.swift in Sources */,
				0AB16C4B1FED9919000124F5 /* PageRedirectHelper.swift in Sources */,
				0A9ECB6F1FEF910C00E1F0BF /* InvConditionVC.swift in Sources */,
				0A83AA001FEE580E00CB72F5 /* HomeTableVC.swift in Sources */,
				0A9ECB751FEF92F400E1F0BF /* InvPicturesVC.swift in Sources */,
				0AB16C281FED8C48000124F5 /* ViewController.swift in Sources */,
				0A9E93581FF5792000CCDEB1 /* EnableEditOverlay.swift in Sources */,
				0AC3B48F1FF1927000AE54C0 /* InventoryVCCV.swift in Sources */,
				0AB16C261FED8C48000124F5 /* AppDelegate.swift in Sources */,
				0A2AE57F1FEF0F2A000D0C1E /* InvPageVC.swift in Sources */,
				0AB16C571FEDA50A000124F5 /* Constants.swift in Sources */,
				0A2AE57B1FEF0D41000D0C1E /* InvBasicVC.swift in Sources */,
				0AB16C471FED97A1000124F5 /* LoginVC.swift in Sources */,
				0A6CD2BA1FEEEE8100505C2F /* StyleHelper2.swift in Sources */,
				0AC3B48D1FF028C000AE54C0 /* RowSelectionVC.swift in Sources */,
				0A61DA531FF7A72100452352 /* QRScannerController.swift in Sources */,
				0AB16C5C1FEDA8B8000124F5 /* AppModel.swift in Sources */,
				0AB16C521FEDA358000124F5 /* InventoryApi.swift in Sources */,
				0A6CD2AE1FEED2B600505C2F /* InventoryVC.swift in Sources */,
				0AC3B4911FF192C800AE54C0 /* InventoryVCinit.swift in Sources */,
				0A9ECB711FEF914400E1F0BF /* InvRepairVC.swift in Sources */,
				0A6CD2B41FEEE94E00505C2F /* IconCVC.swift in Sources */,
				0AB16C4D1FED9FE3000124F5 /* ValidationHelper.swift in Sources */,
				0A83A9FE1FEE54B800CB72F5 /* DashboardVC.swift in Sources */,
				0AC3B4931FF193E000AE54C0 /* InventoryVCViews.swift in Sources */,
				0AFF6BF12008098A00F2F32A /* SidemenuParentTVC.swift in Sources */,
				0AB16C451FED9737000124F5 /* SplashVC.swift in Sources */,
				0AB16C5A1FEDA78F000124F5 /* UserModel.swift in Sources */,
				0AFF6BED2008080200F2F32A /* SidemenuVC.swift in Sources */,
				0A9ECB6B1FEF902B00E1F0BF /* InvOptionsVC.swift in Sources */,
			);
			runOnlyForDeploymentPostprocessing = 0;
		};
/* End PBXSourcesBuildPhase section */

/* Begin PBXVariantGroup section */
		0A9E930E1FF433DB00CCDEB1 /* EurekaSectionHeader.xib */ = {
			isa = PBXVariantGroup;
			children = (
				0A9E930F1FF433DB00CCDEB1 /* Base */,
			);
			name = EurekaSectionHeader.xib;
			sourceTree = "<group>";
		};
		0A9E93101FF433DB00CCDEB1 /* LaunchScreen.storyboard */ = {
			isa = PBXVariantGroup;
			children = (
				0A9E93111FF433DB00CCDEB1 /* Base */,
			);
			name = LaunchScreen.storyboard;
			sourceTree = "<group>";
		};
		0A9E93121FF433DB00CCDEB1 /* Main.storyboard */ = {
			isa = PBXVariantGroup;
			children = (
				0A9E93131FF433DB00CCDEB1 /* Base */,
			);
			name = Main.storyboard;
			sourceTree = "<group>";
		};
		0A9E93141FF433DB00CCDEB1 /* WeekDaysCell.xib */ = {
			isa = PBXVariantGroup;
			children = (
				0A9E93151FF433DB00CCDEB1 /* Base */,
			);
			name = WeekDaysCell.xib;
			sourceTree = "<group>";
		};
		0AB16C291FED8C48000124F5 /* Main.storyboard */ = {
			isa = PBXVariantGroup;
			children = (
				0AB16C2A1FED8C48000124F5 /* Base */,
			);
			name = Main.storyboard;
			sourceTree = "<group>";
		};
		0AB16C2E1FED8C48000124F5 /* LaunchScreen.storyboard */ = {
			isa = PBXVariantGroup;
			children = (
				0AB16C2F1FED8C48000124F5 /* Base */,
			);
			name = LaunchScreen.storyboard;
			sourceTree = "<group>";
		};
/* End PBXVariantGroup section */

/* Begin XCBuildConfiguration section */
		0AB16C321FED8C48000124F5 /* Debug */ = {
			isa = XCBuildConfiguration;
			buildSettings = {
				ALWAYS_SEARCH_USER_PATHS = NO;
				CLANG_ANALYZER_NONNULL = YES;
				CLANG_ANALYZER_NUMBER_OBJECT_CONVERSION = YES_AGGRESSIVE;
				CLANG_CXX_LANGUAGE_STANDARD = "gnu++14";
				CLANG_CXX_LIBRARY = "libc++";
				CLANG_ENABLE_MODULES = YES;
				CLANG_ENABLE_OBJC_ARC = YES;
				CLANG_WARN_BLOCK_CAPTURE_AUTORELEASING = YES;
				CLANG_WARN_BOOL_CONVERSION = YES;
				CLANG_WARN_COMMA = YES;
				CLANG_WARN_CONSTANT_CONVERSION = YES;
				CLANG_WARN_DIRECT_OBJC_ISA_USAGE = YES_ERROR;
				CLANG_WARN_DOCUMENTATION_COMMENTS = YES;
				CLANG_WARN_EMPTY_BODY = YES;
				CLANG_WARN_ENUM_CONVERSION = YES;
				CLANG_WARN_INFINITE_RECURSION = YES;
				CLANG_WARN_INT_CONVERSION = YES;
				CLANG_WARN_NON_LITERAL_NULL_CONVERSION = YES;
				CLANG_WARN_OBJC_LITERAL_CONVERSION = YES;
				CLANG_WARN_OBJC_ROOT_CLASS = YES_ERROR;
				CLANG_WARN_RANGE_LOOP_ANALYSIS = YES;
				CLANG_WARN_STRICT_PROTOTYPES = YES;
				CLANG_WARN_SUSPICIOUS_MOVE = YES;
				CLANG_WARN_UNGUARDED_AVAILABILITY = YES_AGGRESSIVE;
				CLANG_WARN_UNREACHABLE_CODE = YES;
				CLANG_WARN__DUPLICATE_METHOD_MATCH = YES;
				CODE_SIGN_IDENTITY = "iPhone Developer";
				COPY_PHASE_STRIP = NO;
				DEBUG_INFORMATION_FORMAT = dwarf;
				ENABLE_STRICT_OBJC_MSGSEND = YES;
				ENABLE_TESTABILITY = YES;
				GCC_C_LANGUAGE_STANDARD = gnu11;
				GCC_DYNAMIC_NO_PIC = NO;
				GCC_NO_COMMON_BLOCKS = YES;
				GCC_OPTIMIZATION_LEVEL = 0;
				GCC_PREPROCESSOR_DEFINITIONS = (
					"DEBUG=1",
					"$(inherited)",
				);
				GCC_WARN_64_TO_32_BIT_CONVERSION = YES;
				GCC_WARN_ABOUT_RETURN_TYPE = YES_ERROR;
				GCC_WARN_UNDECLARED_SELECTOR = YES;
				GCC_WARN_UNINITIALIZED_AUTOS = YES_AGGRESSIVE;
				GCC_WARN_UNUSED_FUNCTION = YES;
				GCC_WARN_UNUSED_VARIABLE = YES;
				IPHONEOS_DEPLOYMENT_TARGET = 11.0;
				MTL_ENABLE_DEBUG_INFO = YES;
				ONLY_ACTIVE_ARCH = YES;
				SDKROOT = iphoneos;
				SWIFT_ACTIVE_COMPILATION_CONDITIONS = DEBUG;
				SWIFT_OPTIMIZATION_LEVEL = "-Onone";
			};
			name = Debug;
		};
		0AB16C331FED8C48000124F5 /* Release */ = {
			isa = XCBuildConfiguration;
			buildSettings = {
				ALWAYS_SEARCH_USER_PATHS = NO;
				CLANG_ANALYZER_NONNULL = YES;
				CLANG_ANALYZER_NUMBER_OBJECT_CONVERSION = YES_AGGRESSIVE;
				CLANG_CXX_LANGUAGE_STANDARD = "gnu++14";
				CLANG_CXX_LIBRARY = "libc++";
				CLANG_ENABLE_MODULES = YES;
				CLANG_ENABLE_OBJC_ARC = YES;
				CLANG_WARN_BLOCK_CAPTURE_AUTORELEASING = YES;
				CLANG_WARN_BOOL_CONVERSION = YES;
				CLANG_WARN_COMMA = YES;
				CLANG_WARN_CONSTANT_CONVERSION = YES;
				CLANG_WARN_DIRECT_OBJC_ISA_USAGE = YES_ERROR;
				CLANG_WARN_DOCUMENTATION_COMMENTS = YES;
				CLANG_WARN_EMPTY_BODY = YES;
				CLANG_WARN_ENUM_CONVERSION = YES;
				CLANG_WARN_INFINITE_RECURSION = YES;
				CLANG_WARN_INT_CONVERSION = YES;
				CLANG_WARN_NON_LITERAL_NULL_CONVERSION = YES;
				CLANG_WARN_OBJC_LITERAL_CONVERSION = YES;
				CLANG_WARN_OBJC_ROOT_CLASS = YES_ERROR;
				CLANG_WARN_RANGE_LOOP_ANALYSIS = YES;
				CLANG_WARN_STRICT_PROTOTYPES = YES;
				CLANG_WARN_SUSPICIOUS_MOVE = YES;
				CLANG_WARN_UNGUARDED_AVAILABILITY = YES_AGGRESSIVE;
				CLANG_WARN_UNREACHABLE_CODE = YES;
				CLANG_WARN__DUPLICATE_METHOD_MATCH = YES;
				CODE_SIGN_IDENTITY = "iPhone Developer";
				COPY_PHASE_STRIP = NO;
				DEBUG_INFORMATION_FORMAT = "dwarf-with-dsym";
				ENABLE_NS_ASSERTIONS = NO;
				ENABLE_STRICT_OBJC_MSGSEND = YES;
				GCC_C_LANGUAGE_STANDARD = gnu11;
				GCC_NO_COMMON_BLOCKS = YES;
				GCC_WARN_64_TO_32_BIT_CONVERSION = YES;
				GCC_WARN_ABOUT_RETURN_TYPE = YES_ERROR;
				GCC_WARN_UNDECLARED_SELECTOR = YES;
				GCC_WARN_UNINITIALIZED_AUTOS = YES_AGGRESSIVE;
				GCC_WARN_UNUSED_FUNCTION = YES;
				GCC_WARN_UNUSED_VARIABLE = YES;
				IPHONEOS_DEPLOYMENT_TARGET = 11.0;
				MTL_ENABLE_DEBUG_INFO = NO;
				SDKROOT = iphoneos;
				SWIFT_OPTIMIZATION_LEVEL = "-Owholemodule";
				VALIDATE_PRODUCT = YES;
			};
			name = Release;
		};
		0AB16C351FED8C48000124F5 /* Debug */ = {
			isa = XCBuildConfiguration;
			baseConfigurationReference = 5EEA1B543BCCF00626F76D2A /* Pods-cinventory.debug.xcconfig */;
			buildSettings = {
				ASSETCATALOG_COMPILER_APPICON_NAME = AppIcon;
				CODE_SIGN_STYLE = Automatic;
				DEVELOPMENT_TEAM = K3YF8RZG3R;
				INFOPLIST_FILE = cinventory/Info.plist;
				LD_RUNPATH_SEARCH_PATHS = "$(inherited) @executable_path/Frameworks";
				PRODUCT_BUNDLE_IDENTIFIER = com.pixcietechnologies.cinventorymt;
				PRODUCT_NAME = "$(TARGET_NAME)";
				SWIFT_VERSION = 4.0;
				TARGETED_DEVICE_FAMILY = "1,2";
			};
			name = Debug;
		};
		0AB16C361FED8C48000124F5 /* Release */ = {
			isa = XCBuildConfiguration;
			baseConfigurationReference = 97E7350DE5E0A48DE745AC61 /* Pods-cinventory.release.xcconfig */;
			buildSettings = {
				ASSETCATALOG_COMPILER_APPICON_NAME = AppIcon;
				CODE_SIGN_STYLE = Automatic;
				DEVELOPMENT_TEAM = K3YF8RZG3R;
				INFOPLIST_FILE = cinventory/Info.plist;
				LD_RUNPATH_SEARCH_PATHS = "$(inherited) @executable_path/Frameworks";
				PRODUCT_BUNDLE_IDENTIFIER = com.pixcietechnologies.cinventorymt;
				PRODUCT_NAME = "$(TARGET_NAME)";
				SWIFT_VERSION = 4.0;
				TARGETED_DEVICE_FAMILY = "1,2";
			};
			name = Release;
		};
/* End XCBuildConfiguration section */

/* Begin XCConfigurationList section */
		0AB16C1D1FED8C48000124F5 /* Build configuration list for PBXProject "cinventory" */ = {
			isa = XCConfigurationList;
			buildConfigurations = (
				0AB16C321FED8C48000124F5 /* Debug */,
				0AB16C331FED8C48000124F5 /* Release */,
			);
			defaultConfigurationIsVisible = 0;
			defaultConfigurationName = Release;
		};
		0AB16C341FED8C48000124F5 /* Build configuration list for PBXNativeTarget "cinventory" */ = {
			isa = XCConfigurationList;
			buildConfigurations = (
				0AB16C351FED8C48000124F5 /* Debug */,
				0AB16C361FED8C48000124F5 /* Release */,
			);
			defaultConfigurationIsVisible = 0;
			defaultConfigurationName = Release;
		};
/* End XCConfigurationList section */
	};
	rootObject = 0AB16C1A1FED8C48000124F5 /* Project object */;
}
